
Microsoft Visual Studio Solution File, Format Version 12.00
# Visual Studio Version 17
VisualStudioVersion = 17.4.33122.133
MinimumVisualStudioVersion = 10.0.40219.1
Project("{9A19103F-16F7-4668-BE54-9A1E7A4F7556}") = "ver_2.0", "ver_2.0.csproj", "{FF3E9A7E-0F5E-4397-BFA1-A2E257D5B607}"
EndProject
Global
	GlobalSection(SolutionConfigurationPlatforms) = preSolution
		Debug|Any CPU = Debug|Any CPU
		Release|Any CPU = Release|Any CPU
	EndGlobalSection
	GlobalSection(ProjectConfigurationPlatforms) = postSolution
		{FF3E9A7E-0F5E-4397-BFA1-A2E257D5B607}.Debug|Any CPU.ActiveCfg = Debug|Any CPU
		{FF3E9A7E-0F5E-4397-BFA1-A2E257D5B607}.Debug|Any CPU.Build.0 = Debug|Any CPU
		{FF3E9A7E-0F5E-4397-BFA1-A2E257D5B607}.Release|Any CPU.ActiveCfg = Release|Any CPU
		{FF3E9A7E-0F5E-4397-BFA1-A2E257D5B607}.Release|Any CPU.Build.0 = Release|Any CPU
	EndGlobalSection
	GlobalSection(SolutionProperties) = preSolution
		HideSolutionNode = FALSE
	EndGlobalSection
	GlobalSection(ExtensibilityGlobals) = postSolution
		SolutionGuid = {3D971E9E-9A32-45E5-BBD9-3727AADDF8B8}
	EndGlobalSection
EndGlobal
